Microsoft Visual Studio Solution File, Format Version 11.00
# Visual Studio 2008

Project("{1A2F474B-03AF-793C-65BE-4D2A608714DB}") = "HackCambridge", "Assembly-CSharp-firstpass.csproj", "{23267A93-2A32-F6EB-5C9E-280E0EDDBD79}"
EndProject
Project("{1A2F474B-03AF-793C-65BE-4D2A608714DB}") = "HackCambridge", "Assembly-CSharp.csproj", "{A1929926-F926-AA4B-2001-5806CBDD1173}"
EndProject
Project("{1A2F474B-03AF-793C-65BE-4D2A608714DB}") = "HackCambridge", "Assembly-CSharp-Editor.csproj", "{5D7C6886-FCF9-352D-ABE9-D3DF2270557A}"
EndProject
Global
	GlobalSection(SolutionConfigurationPlatforms) = preSolution
		Debug|Any CPU = Debug|Any CPU
		Release|Any CPU = Release|Any CPU
	EndGlobalSection
	GlobalSection(ProjectConfigurationPlatforms) = postSolution
		{23267A93-2A32-F6EB-5C9E-280E0EDDBD79}.Debug|Any CPU.ActiveCfg = Debug|Any CPU
		{23267A93-2A32-F6EB-5C9E-280E0EDDBD79}.Debug|Any CPU.Build.0 = Debug|Any CPU
		{23267A93-2A32-F6EB-5C9E-280E0EDDBD79}.Release|Any CPU.ActiveCfg = Release|Any CPU
		{23267A93-2A32-F6EB-5C9E-280E0EDDBD79}.Release|Any CPU.Build.0 = Release|Any CPU
		{A1929926-F926-AA4B-2001-5806CBDD1173}.Debug|Any CPU.ActiveCfg = Debug|Any CPU
		{A1929926-F926-AA4B-2001-5806CBDD1173}.Debug|Any CPU.Build.0 = Debug|Any CPU
		{A1929926-F926-AA4B-2001-5806CBDD1173}.Release|Any CPU.ActiveCfg = Release|Any CPU
		{A1929926-F926-AA4B-2001-5806CBDD1173}.Release|Any CPU.Build.0 = Release|Any CPU
		{5D7C6886-FCF9-352D-ABE9-D3DF2270557A}.Debug|Any CPU.ActiveCfg = Debug|Any CPU
		{5D7C6886-FCF9-352D-ABE9-D3DF2270557A}.Debug|Any CPU.Build.0 = Debug|Any CPU
		{5D7C6886-FCF9-352D-ABE9-D3DF2270557A}.Release|Any CPU.ActiveCfg = Release|Any CPU
		{5D7C6886-FCF9-352D-ABE9-D3DF2270557A}.Release|Any CPU.Build.0 = Release|Any CPU
	EndGlobalSection
	GlobalSection(SolutionProperties) = preSolution
		HideSolutionNode = FALSE
	EndGlobalSection
	GlobalSection(MonoDevelopProperties) = preSolution
		StartupItem = Assembly-CSharp.csproj
	EndGlobalSection
EndGlobal
